
Microsoft Visual Studio Solution File, Format Version 12.00
# Visual Studio 2012
Project("{FAE04EC0-301F-11D3-BF4B-00C04F79EFBC}") = "Graph", "Graph\Graph.csproj", "{BDCAAA70-9E77-4B1B-8C6A-B3CA21F222DE}"
EndProject
Global
	GlobalSection(SolutionConfigurationPlatforms) = preSolution
		Debug|Any CPU = Debug|Any CPU
		Release|Any CPU = Release|Any CPU
	EndGlobalSection
	GlobalSection(ProjectConfigurationPlatforms) = postSolution
		{BDCAAA70-9E77-4B1B-8C6A-B3CA21F222DE}.Debug|Any CPU.ActiveCfg = Debug|Any CPU
		{BDCAAA70-9E77-4B1B-8C6A-B3CA21F222DE}.Debug|Any CPU.Build.0 = Debug|Any CPU
		{BDCAAA70-9E77-4B1B-8C6A-B3CA21F222DE}.Release|Any CPU.ActiveCfg = Release|Any CPU
		{BDCAAA70-9E77-4B1B-8C6A-B3CA21F222DE}.Release|Any CPU.Build.0 = Release|Any CPU
	EndGlobalSection
	GlobalSection(SolutionProperties) = preSolution
		HideSolutionNode = FALSE
	EndGlobalSection
EndGlobal
